%{
  "decimal": {:hex, :decimal, "2.3.0", "3ad6255aa77b4a3c4f818171b12d237500e63525c2fd056699967a3e7ea20f62", [:mix], [], "hexpm", "a4d66355cb29cb47c3cf30e71329e58361cfcb37c34235ef3bf1d7bf3773aeac"},
  "jason": {:hex, :jason, "1.4.4", "b9226785a9aa77b6857ca22832cffa5d5011a667207eb2a0ad56adb5db443b8a", [:mix], [{:decimal, "~> 1.0 or ~> 2.0", [hex: :decimal, repo: "hexpm", optional: true]}], "hexpm", "c5eb0cab91f094599f94d55bc63409236a8ec69a21a67814529e8d5f6cc90b3b"},
  "protobuf": {:hex, :protobuf, "0.8.0", "61b27d6fd50e7b1b2eb0ee17c1f639906121f4ef965ae0994644eb4c68d4647d", [:mix], [{:jason, "~> 1.2", [hex: :jason, repo: "hexpm", optional: true]}], "hexpm", "3644ed846fd6f5e3b5c2cd617aa8344641e230edf812a45365fee7622bccd25a"},
  "protox": {:hex, :protox, "1.7.8", "ccae41afec6e63cf061bee874d7d042ed585d501df1cd004661ffac0e5628686", [:mix], [{:decimal, "~> 1.9 or ~> 2.0", [hex: :decimal, repo: "hexpm", optional: false]}, {:jason, "~> 1.2", [hex: :jason, repo: "hexpm", optional: true]}, {:poison, "~> 4.0 or ~> 5.0 or ~> 6.0", [hex: :poison, repo: "hexpm", optional: true]}], "hexpm", "f6702c9deb9fb7cd2eadd73d3dbc0303c506dc87635e509228c61309f7062933"},
  "ssl_verify_fun": {:hex, :ssl_verify_fun, "1.1.7", "354c321cf377240c7b8716899e182ce4890c5938111a1296add3ec74cf1715df", [:make, :mix, :rebar3], [], "hexpm", "fe4c190e8f37401d30167c8c405eda19469f34577987c76dde613e838bbc67f8"},
}
